{
  "version": 4,
  "terraform_version": "1.12.2",
  "serial": 41,
  "lineage": "4dcd5bf8-6332-3eef-b94c-6081c446fd3e",
  "outputs": {
    "instance_ips": {
      "value": [
        "192.168.10.15",
        "192.168.10.23"
      ],
      "type": [
        "list",
        "string"
      ]
    },
    "load_balancer_info": {
      "value": "Network Load Balancer создан. Проверьте его IP в консоли Yandex Cloud",
      "type": "string"
    }
  },
  "resources": [
    {
      "mode": "managed",
      "type": "yandex_compute_instance_group",
      "name": "group",
      "provider": "provider[\"registry.terraform.io/yandex-cloud/yandex\"]",
      "instances": [
        {
          "schema_version": 0,
          "attributes": {
            "allocation_policy": [
              {
                "zones": [
                  "ru-central1-a"
                ]
              }
            ],
            "application_load_balancer": [],
            "created_at": "2025-12-04T11:57:52Z",
            "deletion_protection": false,
            "deploy_policy": [
              {
                "max_creating": 0,
                "max_deleting": 0,
                "max_expansion": 0,
                "max_unavailable": 1,
                "startup_duration": 0,
                "strategy": "proactive"
              }
            ],
            "description": "",
            "folder_id": "b1gejj2e6dcoooha7og1",
            "health_check": [
              {
                "healthy_threshold": 3,
                "http_options": [
                  {
                    "path": "/",
                    "port": 80
                  }
                ],
                "interval": 5,
                "tcp_options": [],
                "timeout": 1,
                "unhealthy_threshold": 5
              }
            ],
            "id": "cl10n4k7dsnrsglku626",
            "instance_template": [
              {
                "boot_disk": [
                  {
                    "device_name": "",
                    "disk_id": "",
                    "initialize_params": [
                      {
                        "description": "",
                        "image_id": "fd827b91d99psvq5fjit",
                        "size": 10,
                        "snapshot_id": "",
                        "type": "network-hdd"
                      }
                    ],
                    "mode": "READ_WRITE"
                  }
                ],
                "description": "",
                "hostname": "",
                "labels": {},
                "metadata": {
                  "ssh-keys": "ubuntu:ssh-rsa AAAAB3NzaC1yc2EAAAADAQABAAABAQCsrATVAxhLKzzAROSzbTXcL7dIb9ZwAD9n3zifC4/1+hK4hrFRA0k2s71H4JpE1rznLsaRS6AE040/EpWq526PsAd4tvlKi0bWSdF5j07lpVfg5dvvf5SijVh5F70wv615XCTTxYSVt6TK6VHEWzj1snEcNbzOi9M2ic0MZm9ausWo8R1fZKlgkROl58CqgECX4XgwVqcVviOnG0l8p70v1LsEXowXdtIiyYosmjwbCJixlUiaMHx07oTBObQ1YsXe4aCa8+LYmzV2nu1kezrW75MXg3/7CCPXUdhHNJItj5zRo4KQ5Cqg5mjEUFYDmw+jKKntQLvsOp8XBkMDf70X ubuntu@sokolkov-k8s\n",
                  "user-data": "#cloud-config\npackage_update: true\npackages:\n  - apache2\nruncmd:\n  - systemctl start apache2\n  - echo '\u003chtml\u003e\u003ch1\u003eNetology Homework 15.2\u003c/h1\u003e\u003cp\u003eInstance created via Terraform\u003c/p\u003e\u003cp\u003eInstance Hostname: '`hostname`'\u003c/p\u003e\u003cp\u003eLoad Balancer test page\u003c/p\u003e\u003c/html\u003e' \u003e /var/www/html/index.html\n"
                },
                "name": "",
                "network_interface": [
                  {
                    "dns_record": [],
                    "ip_address": "",
                    "ipv4": true,
                    "ipv6": false,
                    "ipv6_address": "",
                    "ipv6_dns_record": [],
                    "nat": true,
                    "nat_dns_record": [],
                    "nat_ip_address": "",
                    "network_id": "enpp0sq9km64rku9qfjn",
                    "security_group_ids": null,
                    "subnet_ids": [
                      "e9bkvk040r4938ui1f7e"
                    ]
                  }
                ],
                "network_settings": [],
                "placement_policy": [],
                "platform_id": "standard-v3",
                "resources": [
                  {
                    "core_fraction": 100,
                    "cores": 2,
                    "gpus": 0,
                    "memory": 2
                  }
                ],
                "scheduling_policy": [
                  {
                    "preemptible": false
                  }
                ],
                "secondary_disk": [],
                "service_account_id": "ajedu22sej0lm4otn85h"
              }
            ],
            "instances": [
              {
                "fqdn": "cl10n4k7dsnrsglku626-abif.ru-central1.internal",
                "instance_id": "fhmpcuel7q1unmd0igmm",
                "name": "cl10n4k7dsnrsglku626-abif",
                "network_interface": [
                  {
                    "index": 0,
                    "ip_address": "192.168.10.15",
                    "ipv4": true,
                    "ipv6": false,
                    "ipv6_address": "",
                    "mac_address": "d0:0d:19:67:9d:53",
                    "nat": true,
                    "nat_ip_address": "178.154.223.53",
                    "nat_ip_version": "IPV4",
                    "subnet_id": "e9bkvk040r4938ui1f7e"
                  }
                ],
                "status": "RUNNING_ACTUAL",
                "status_changed_at": "2025-12-04T11:59:54Z",
                "status_message": "",
                "zone_id": "ru-central1-a"
              },
              {
                "fqdn": "cl10n4k7dsnrsglku626-equf.ru-central1.internal",
                "instance_id": "fhmjp7qmtd7u2vmtku4j",
                "name": "cl10n4k7dsnrsglku626-equf",
                "network_interface": [
                  {
                    "index": 0,
                    "ip_address": "192.168.10.23",
                    "ipv4": true,
                    "ipv6": false,
                    "ipv6_address": "",
                    "mac_address": "d0:0d:13:c9:f5:6e",
                    "nat": true,
                    "nat_ip_address": "178.154.223.211",
                    "nat_ip_version": "IPV4",
                    "subnet_id": "e9bkvk040r4938ui1f7e"
                  }
                ],
                "status": "RUNNING_ACTUAL",
                "status_changed_at": "2025-12-04T12:00:09Z",
                "status_message": "",
                "zone_id": "ru-central1-a"
              }
            ],
            "labels": null,
            "load_balancer": [
              {
                "max_opening_traffic_duration": 0,
                "status_message": "",
                "target_group_description": "",
                "target_group_id": "enpo5anp1b8pa5h43101",
                "target_group_labels": null,
                "target_group_name": "lamp-target-group"
              }
            ],
            "max_checking_health_duration": 0,
            "name": "lamp-instance-group",
            "scale_policy": [
              {
                "auto_scale": [],
                "fixed_scale": [
                  {
                    "size": 2
                  }
                ],
                "test_auto_scale": []
              }
            ],
            "service_account_id": "ajedu22sej0lm4otn85h",
            "status": "ACTIVE",
            "timeouts": null,
            "variables": null
          },
          "sensitive_attributes": [],
          "identity_schema_version": 0,
          "private": "eyJlMmJmYjczMC1lY2FhLTExZTYtOGY4OC0zNDM2M2JjN2M0YzAiOnsiY3JlYXRlIjoxODAwMDAwMDAwMDAwLCJkZWxldGUiOjE4MDAwMDAwMDAwMDAsInVwZGF0ZSI6MTgwMDAwMDAwMDAwMH19",
          "dependencies": [
            "yandex_iam_service_account.sa"
          ]
        }
      ]
    },
    {
      "mode": "managed",
      "type": "yandex_iam_service_account",
      "name": "sa",
      "provider": "provider[\"registry.terraform.io/yandex-cloud/yandex\"]",
      "instances": [
        {
          "schema_version": 0,
          "attributes": {
            "created_at": "2025-12-04T11:23:38Z",
            "description": "Service account for homework 15.2",
            "folder_id": "b1gejj2e6dcoooha7og1",
            "id": "ajedu22sej0lm4otn85h",
            "name": "sa-15-2",
            "timeouts": null
          },
          "sensitive_attributes": [],
          "identity_schema_version": 0,
          "private": "eyJlMmJmYjczMC1lY2FhLTExZTYtOGY4OC0zNDM2M2JjN2M0YzAiOnsiY3JlYXRlIjo2MDAwMDAwMDAwMCwiZGVsZXRlIjo2MDAwMDAwMDAwMCwidXBkYXRlIjo2MDAwMDAwMDAwMH19"
        }
      ]
    },
    {
      "mode": "managed",
      "type": "yandex_lb_network_load_balancer",
      "name": "nlb",
      "provider": "provider[\"registry.terraform.io/yandex-cloud/yandex\"]",
      "instances": [
        {
          "schema_version": 0,
          "attributes": {
            "attached_target_group": [
              {
                "healthcheck": [
                  {
                    "healthy_threshold": 3,
                    "http_options": [
                      {
                        "path": "/",
                        "port": 80
                      }
                    ],
                    "interval": 2,
                    "name": "http",
                    "tcp_options": [],
                    "timeout": 1,
                    "unhealthy_threshold": 5
                  }
                ],
                "target_group_id": "enpo5anp1b8pa5h43101"
              }
            ],
            "created_at": "2025-12-04T12:00:11Z",
            "deletion_protection": false,
            "description": "",
            "folder_id": "b1gejj2e6dcoooha7og1",
            "id": "enpsv3fmk2jjjmtnij3v",
            "labels": null,
            "listener": [
              {
                "external_address_spec": [
                  {
                    "address": "158.160.207.68",
                    "ip_version": "ipv4"
                  }
                ],
                "internal_address_spec": [],
                "name": "http-listener",
                "port": 80,
                "protocol": "tcp",
                "target_port": 80
              }
            ],
            "name": "lamp-network-lb",
            "region_id": "ru-central1",
            "timeouts": null,
            "type": "external"
          },
          "sensitive_attributes": [],
          "identity_schema_version": 0,
          "private": "eyJlMmJmYjczMC1lY2FhLTExZTYtOGY4OC0zNDM2M2JjN2M0YzAiOnsiY3JlYXRlIjozMDAwMDAwMDAwMDAsImRlbGV0ZSI6MzAwMDAwMDAwMDAwLCJ1cGRhdGUiOjMwMDAwMDAwMDAwMH19",
          "dependencies": [
            "yandex_compute_instance_group.group",
            "yandex_iam_service_account.sa"
          ]
        }
      ]
    },
    {
      "mode": "managed",
      "type": "yandex_resourcemanager_folder_iam_member",
      "name": "editor",
      "provider": "provider[\"registry.terraform.io/yandex-cloud/yandex\"]",
      "instances": [
        {
          "schema_version": 0,
          "attributes": {
            "folder_id": "b1gejj2e6dcoooha7og1",
            "id": "b1gejj2e6dcoooha7og1/editor/serviceAccount:ajedu22sej0lm4otn85h",
            "member": "serviceAccount:ajedu22sej0lm4otn85h",
            "role": "editor",
            "sleep_after": null,
            "timeouts": null
          },
          "sensitive_attributes": [],
          "identity_schema_version": 0,
          "private": "eyJlMmJmYjczMC1lY2FhLTExZTYtOGY4OC0zNDM2M2JjN2M0YzAiOnsiY3JlYXRlIjo2MDAwMDAwMDAwMCwiZGVmYXVsdCI6NjAwMDAwMDAwMDAsImRlbGV0ZSI6NjAwMDAwMDAwMDAsInJlYWQiOjYwMDAwMDAwMDAwLCJ1cGRhdGUiOjYwMDAwMDAwMDAwfX0=",
          "dependencies": [
            "yandex_iam_service_account.sa"
          ]
        }
      ]
    },
    {
      "mode": "managed",
      "type": "yandex_resourcemanager_folder_iam_member",
      "name": "vpc-user",
      "provider": "provider[\"registry.terraform.io/yandex-cloud/yandex\"]",
      "instances": [
        {
          "schema_version": 0,
          "attributes": {
            "folder_id": "b1gejj2e6dcoooha7og1",
            "id": "b1gejj2e6dcoooha7og1/vpc.user/serviceAccount:ajedu22sej0lm4otn85h",
            "member": "serviceAccount:ajedu22sej0lm4otn85h",
            "role": "vpc.user",
            "sleep_after": null,
            "timeouts": null
          },
          "sensitive_attributes": [],
          "identity_schema_version": 0,
          "private": "eyJlMmJmYjczMC1lY2FhLTExZTYtOGY4OC0zNDM2M2JjN2M0YzAiOnsiY3JlYXRlIjo2MDAwMDAwMDAwMCwiZGVmYXVsdCI6NjAwMDAwMDAwMDAsImRlbGV0ZSI6NjAwMDAwMDAwMDAsInJlYWQiOjYwMDAwMDAwMDAwLCJ1cGRhdGUiOjYwMDAwMDAwMDAwfX0=",
          "dependencies": [
            "yandex_iam_service_account.sa"
          ]
        }
      ]
    }
  ],
  "check_results": null
}
